<?xml version="1.0" encoding="utf-8"?>
<Project ToolsVersion="4.0" xmlns="http://schemas.microsoft.com/developer/msbuild/2003">
  <ItemGroup>
    <Filter Include="Source Files">
      <UniqueIdentifier>{4FC737F1-C7A5-4376-A066-2A32D752A2FF}</UniqueIdentifier>
      <Extensions>cpp;c;cc;cxx;c++;cppm;ixx;def;odl;idl;hpj;bat;asm;asmx</Extensions>
    </Filter>
    <Filter Include="Header Files">
      <UniqueIdentifier>{93995380-89BD-4b04-88EB-625FBE52EBFB}</UniqueIdentifier>
      <Extensions>h;hh;hpp;hxx;h++;hm;inl;inc;ipp;xsd</Extensions>
    </Filter>
    <Filter Include="Resource Files">
      <UniqueIdentifier>{67DA6AB6-F800-4c08-8B7A-83BB121AAD01}</UniqueIdentifier>
      <Extensions>rc;ico;cur;bmp;dlg;rc2;rct;bin;rgs;gif;jpg;jpeg;jpe;resx;tiff;tif;png;wav;mfcribbon-ms</Extensions>
    </Filter>
  </ItemGroup>
  <ItemGroup>
    <ClCompile Include="src\Application.cpp">
      <Filter>Source Files</Filter>
    </ClCompile>
    <ClCompile Include="src\vendor\GLAD\glad.c">
      <Filter>Source Files</Filter>
    </ClCompile>
    <ClCompile Include="src\Shader.cpp">
      <Filter>Source Files</Filter>
    </ClCompile>
    <ClCompile Include="src\Chapters\Chapter5.h">
      <Filter>Source Files</Filter>
    </ClCompile>
    <ClCompile Include="src\Chapters\Chapter6.h">
      <Filter>Source Files</Filter>
    </ClCompile>
    <ClCompile Include="src\Chapters\Chapter7.h">
      <Filter>Source Files</Filter>
    </ClCompile>
    <ClCompile Include="src\vendor\std_image\stb_image.cpp">
      <Filter>Source Files</Filter>
    </ClCompile>
    <ClCompile Include="src\OpenglUtils.cpp">
      <Filter>Source Files</Filter>
    </ClCompile>
  </ItemGroup>
  <ItemGroup>
    <None Include="res\shaders\basic.shader" />
    <None Include="res\shaders\chapter6\PosSwitched\basic_vertex.shader" />
    <None Include="res\shaders\chapter6\PosSwitched\basic_fragment.shader" />
    <None Include="res\shaders\chapter7\vshader.shader" />
    <None Include="res\shaders\chapter7\fshader.shader" />
    <None Include="res\shaders\chapter6\3ColorUniform\3ColorUniform_f.shader" />
    <None Include="res\shaders\chapter6\3ColorUniform\3ColorUniform_v.shader" />
    <None Include="res\shaders\chapter6\Offset\offset_v.shader" />
    <None Include="res\shaders\chapter6\Offset\offset_f.shader" />
    <None Include="res\shaders\chapter8\Q1\fshader.shader" />
    <None Include="res\shaders\chapter8\Q1\vshader.shader" />
    <None Include="res\shaders\chapter8\fshader.shader" />
    <None Include="res\shaders\chapter8\vshader.shader" />
    <None Include="res\shaders\chapter9\vshader.shader" />
    <None Include="res\shaders\chapter9\fshader.shader" />
  </ItemGroup>
  <ItemGroup>
    <ClInclude Include="src\Shader.h">
      <Filter>Header Files</Filter>
    </ClInclude>
    <ClInclude Include="src\OpenglUtils.h">
      <Filter>Header Files</Filter>
    </ClInclude>
    <ClInclude Include="src\vendor\std_image\stb_image.h">
      <Filter>Header Files</Filter>
    </ClInclude>
    <ClInclude Include="src\Chapters\Chapter8.h">
      <Filter>Header Files</Filter>
    </ClInclude>
    <ClInclude Include="src\Chapters\Chapter9.h">
      <Filter>Header Files</Filter>
    </ClInclude>
  </ItemGroup>
  <ItemGroup>
    <Image Include="res\images\container.jpg">
      <Filter>Resource Files</Filter>
    </Image>
    <Image Include="res\images\awesomeface.png">
      <Filter>Resource Files</Filter>
    </Image>
  </ItemGroup>
</Project>